
Microsoft Visual Studio Solution File, Format Version 12.00
# Visual Studio Version 16
VisualStudioVersion = 16.0.31205.134
MinimumVisualStudioVersion = 10.0.40219.1
Project("{FAE04EC0-301F-11D3-BF4B-00C04F79EFBC}") = "manusquall", "manusquall\manusquall.csproj", "{086A1719-F7E3-4A58-90DF-4F15A7CD7E3C}"
EndProject
Global
	GlobalSection(SolutionConfigurationPlatforms) = preSolution
		Debug|Any CPU = Debug|Any CPU
		Release|Any CPU = Release|Any CPU
	EndGlobalSection
	GlobalSection(ProjectConfigurationPlatforms) = postSolution
		{086A1719-F7E3-4A58-90DF-4F15A7CD7E3C}.Debug|Any CPU.ActiveCfg = Debug|Any CPU
		{086A1719-F7E3-4A58-90DF-4F15A7CD7E3C}.Debug|Any CPU.Build.0 = Debug|Any CPU
		{086A1719-F7E3-4A58-90DF-4F15A7CD7E3C}.Release|Any CPU.ActiveCfg = Release|Any CPU
		{086A1719-F7E3-4A58-90DF-4F15A7CD7E3C}.Release|Any CPU.Build.0 = Release|Any CPU
	EndGlobalSection
	GlobalSection(SolutionProperties) = preSolution
		HideSolutionNode = FALSE
	EndGlobalSection
	GlobalSection(ExtensibilityGlobals) = postSolution
		SolutionGuid = {04B19A7D-384A-4332-9739-AFA9E161DCEF}
	EndGlobalSection
EndGlobal
